
Microsoft Visual Studio Solution File, Format Version 12.00
# Visual Studio Version 16
VisualStudioVersion = 16.0.29709.97
MinimumVisualStudioVersion = 10.0.40219.1
Project("{FAE04EC0-301F-11D3-BF4B-00C04F79EFBC}") = "RenameFiles", "RenameFiles.csproj", "{C4E86CAC-E7B6-42B5-A206-2385C5BD7D6B}"
EndProject
Global
	GlobalSection(SolutionConfigurationPlatforms) = preSolution
		Debug|Any CPU = Debug|Any CPU
		Release|Any CPU = Release|Any CPU
	EndGlobalSection
	GlobalSection(ProjectConfigurationPlatforms) = postSolution
		{C4E86CAC-E7B6-42B5-A206-2385C5BD7D6B}.Debug|Any CPU.ActiveCfg = Debug|Any CPU
		{C4E86CAC-E7B6-42B5-A206-2385C5BD7D6B}.Debug|Any CPU.Build.0 = Debug|Any CPU
		{C4E86CAC-E7B6-42B5-A206-2385C5BD7D6B}.Release|Any CPU.ActiveCfg = Release|Any CPU
		{C4E86CAC-E7B6-42B5-A206-2385C5BD7D6B}.Release|Any CPU.Build.0 = Release|Any CPU
	EndGlobalSection
	GlobalSection(SolutionProperties) = preSolution
		HideSolutionNode = FALSE
	EndGlobalSection
	GlobalSection(ExtensibilityGlobals) = postSolution
		SolutionGuid = {5D172CDC-4D1B-480A-866C-39128F686685}
	EndGlobalSection
EndGlobal
